
Microsoft Visual Studio Solution File, Format Version 12.00
# Visual Studio Version 16
VisualStudioVersion = 16.0.30907.101
MinimumVisualStudioVersion = 10.0.40219.1
Project("{9A19103F-16F7-4668-BE54-9A1E7A4F7556}") = "homework-01", "homework-01\homework-01.csproj", "{EFC2A21B-AB69-4B10-A627-4A43E9AC1DFB}"
EndProject
Project("{9A19103F-16F7-4668-BE54-9A1E7A4F7556}") = "lesson-cSharp.oop", "lesson-cSharp.oop\lesson-cSharp.oop.csproj", "{C7365248-DB5C-4833-92EE-3D660BC94E7D}"
EndProject
Project("{9A19103F-16F7-4668-BE54-9A1E7A4F7556}") = "homework-02", "homework-02\homework-02.csproj", "{F927498C-CEF5-4984-8DAA-A4004D9CED2E}"
EndProject
Project("{FAE04EC0-301F-11D3-BF4B-00C04F79EFBC}") = "homework-03", "homework-03\homework-03.csproj", "{6E7EF7B5-D5F9-4D53-BDFD-30E3952E52F3}"
EndProject
Global
	GlobalSection(SolutionConfigurationPlatforms) = preSolution
		Debug|Any CPU = Debug|Any CPU
		Release|Any CPU = Release|Any CPU
	EndGlobalSection
	GlobalSection(ProjectConfigurationPlatforms) = postSolution
		{EFC2A21B-AB69-4B10-A627-4A43E9AC1DFB}.Debug|Any CPU.ActiveCfg = Debug|Any CPU
		{EFC2A21B-AB69-4B10-A627-4A43E9AC1DFB}.Debug|Any CPU.Build.0 = Debug|Any CPU
		{EFC2A21B-AB69-4B10-A627-4A43E9AC1DFB}.Release|Any CPU.ActiveCfg = Release|Any CPU
		{EFC2A21B-AB69-4B10-A627-4A43E9AC1DFB}.Release|Any CPU.Build.0 = Release|Any CPU
		{C7365248-DB5C-4833-92EE-3D660BC94E7D}.Debug|Any CPU.ActiveCfg = Debug|Any CPU
		{C7365248-DB5C-4833-92EE-3D660BC94E7D}.Debug|Any CPU.Build.0 = Debug|Any CPU
		{C7365248-DB5C-4833-92EE-3D660BC94E7D}.Release|Any CPU.ActiveCfg = Release|Any CPU
		{C7365248-DB5C-4833-92EE-3D660BC94E7D}.Release|Any CPU.Build.0 = Release|Any CPU
		{F927498C-CEF5-4984-8DAA-A4004D9CED2E}.Debug|Any CPU.ActiveCfg = Debug|Any CPU
		{F927498C-CEF5-4984-8DAA-A4004D9CED2E}.Debug|Any CPU.Build.0 = Debug|Any CPU
		{F927498C-CEF5-4984-8DAA-A4004D9CED2E}.Release|Any CPU.ActiveCfg = Release|Any CPU
		{F927498C-CEF5-4984-8DAA-A4004D9CED2E}.Release|Any CPU.Build.0 = Release|Any CPU
		{6E7EF7B5-D5F9-4D53-BDFD-30E3952E52F3}.Debug|Any CPU.ActiveCfg = Debug|Any CPU
		{6E7EF7B5-D5F9-4D53-BDFD-30E3952E52F3}.Debug|Any CPU.Build.0 = Debug|Any CPU
		{6E7EF7B5-D5F9-4D53-BDFD-30E3952E52F3}.Release|Any CPU.ActiveCfg = Release|Any CPU
		{6E7EF7B5-D5F9-4D53-BDFD-30E3952E52F3}.Release|Any CPU.Build.0 = Release|Any CPU
	EndGlobalSection
	GlobalSection(SolutionProperties) = preSolution
		HideSolutionNode = FALSE
	EndGlobalSection
	GlobalSection(ExtensibilityGlobals) = postSolution
		SolutionGuid = {D9C968DE-A28D-421A-8DF9-A91C389AFD69}
	EndGlobalSection
EndGlobal
